Microsoft Visual Studio Solution File, Format Version 12.00
# Visual Studio Version 17
VisualStudioVersion = 17.5.2.0
MinimumVisualStudioVersion = 10.0.40219.1
Project("{2150E333-8FDC-42A3-9474-1A3956D46DE8}") = "backend", "backend", "{1AE8ACA6-933B-BF2A-3671-3E2EAC007D16}"
EndProject
Project("{FAE04EC0-301F-11D3-BF4B-00C04F79EFBC}") = "ResumeCounter.Functions", "backend\ResumeCounter.Functions\ResumeCounter.Functions.csproj", "{5D8C5AB3-9773-F51B-7BD1-CA3355883565}"
EndProject
Project("{2150E333-8FDC-42A3-9474-1A3956D46DE8}") = "ResumeCounter.Functions (1)", "ResumeCounter.Functions (1)", "{3B7800F6-78ED-05C3-F800-4F8E813493A6}"
EndProject
Project("{2150E333-8FDC-42A3-9474-1A3956D46DE8}") = "obj", "obj", "{96139ED7-6D32-16D9-9E44-FCFCCBF7978B}"
EndProject
Project("{2150E333-8FDC-42A3-9474-1A3956D46DE8}") = "Debug", "Debug", "{2FAFE9A5-B7C3-D1C4-D99C-7BE76ADE152E}"
EndProject
Project("{2150E333-8FDC-42A3-9474-1A3956D46DE8}") = "net8.0", "net8.0", "{C9703891-8A22-5BE1-A180-658572337139}"
EndProject
Project("{FAE04EC0-301F-11D3-BF4B-00C04F79EFBC}") = "WorkerExtensions", "backend\ResumeCounter.Functions\obj\Debug\net8.0\WorkerExtensions\WorkerExtensions.csproj", "{888A0422-F2E4-8A8E-8188-BF4F0DC73E38}"
EndProject
Global
	GlobalSection(SolutionConfigurationPlatforms) = preSolution
		Debug|Any CPU = Debug|Any CPU
		Release|Any CPU = Release|Any CPU
	EndGlobalSection
	GlobalSection(ProjectConfigurationPlatforms) = postSolution
		{5D8C5AB3-9773-F51B-7BD1-CA3355883565}.Debug|Any CPU.ActiveCfg = Debug|Any CPU
		{5D8C5AB3-9773-F51B-7BD1-CA3355883565}.Debug|Any CPU.Build.0 = Debug|Any CPU
		{5D8C5AB3-9773-F51B-7BD1-CA3355883565}.Release|Any CPU.ActiveCfg = Release|Any CPU
		{5D8C5AB3-9773-F51B-7BD1-CA3355883565}.Release|Any CPU.Build.0 = Release|Any CPU
		{888A0422-F2E4-8A8E-8188-BF4F0DC73E38}.Debug|Any CPU.ActiveCfg = Debug|Any CPU
		{888A0422-F2E4-8A8E-8188-BF4F0DC73E38}.Debug|Any CPU.Build.0 = Debug|Any CPU
		{888A0422-F2E4-8A8E-8188-BF4F0DC73E38}.Release|Any CPU.ActiveCfg = Release|Any CPU
		{888A0422-F2E4-8A8E-8188-BF4F0DC73E38}.Release|Any CPU.Build.0 = Release|Any CPU
	EndGlobalSection
	GlobalSection(SolutionProperties) = preSolution
		HideSolutionNode = FALSE
	EndGlobalSection
	GlobalSection(NestedProjects) = preSolution
		{5D8C5AB3-9773-F51B-7BD1-CA3355883565} = {1AE8ACA6-933B-BF2A-3671-3E2EAC007D16}
		{3B7800F6-78ED-05C3-F800-4F8E813493A6} = {1AE8ACA6-933B-BF2A-3671-3E2EAC007D16}
		{96139ED7-6D32-16D9-9E44-FCFCCBF7978B} = {3B7800F6-78ED-05C3-F800-4F8E813493A6}
		{2FAFE9A5-B7C3-D1C4-D99C-7BE76ADE152E} = {96139ED7-6D32-16D9-9E44-FCFCCBF7978B}
		{C9703891-8A22-5BE1-A180-658572337139} = {2FAFE9A5-B7C3-D1C4-D99C-7BE76ADE152E}
		{888A0422-F2E4-8A8E-8188-BF4F0DC73E38} = {C9703891-8A22-5BE1-A180-658572337139}
	EndGlobalSection
	GlobalSection(ExtensibilityGlobals) = postSolution
		SolutionGuid = {F83690BF-8541-43B7-AE82-77398C878A0C}
	EndGlobalSection
EndGlobal
